// !$*UTF8*$!
{
	archiveVersion = 1;
	classes = {
	};
	objectVersion = 46;
	objects = {

/* Begin PBXBuildFile section */
		1526D27019AA942F00A3D238 /* InstantaneousPushViewController.m in Sources */ = {isa = PBXBuildFile; fileRef = 1526D26F19AA942F00A3D238 /* InstantaneousPushViewController.m */; };
		15E7D38A199D439D002BD25C /* GravityViewController.m in Sources */ = {isa = PBXBuildFile; fileRef = 15E7D389199D439D002BD25C /* GravityViewController.m */; };
		15E7D38D199D4C23002BD25C /* AttachmentViewController.m in Sources */ = {isa = PBXBuildFile; fileRef = 15E7D38C199D4C23002BD25C /* AttachmentViewController.m */; };
		15E7D398199D5F78002BD25C /* ContinuousPushViewController.m in Sources */ = {isa = PBXBuildFile; fileRef = 15E7D397199D5F78002BD25C /* ContinuousPushViewController.m */; };
		15E7D39C199D5FA0002BD25C /* SnapViewController.m in Sources */ = {isa = PBXBuildFile; fileRef = 15E7D39B199D5FA0002BD25C /* SnapViewController.m */; };
		15E7D39F199D9496002BD25C /* CollisionViewController.m in Sources */ = {isa = PBXBuildFile; fileRef = 15E7D39E199D9496002BD25C /* CollisionViewController.m */; };
		15F86AE8199D427000D40033 /* main.m in Sources */ = {isa = PBXBuildFile; fileRef = 15F86AE7199D427000D40033 /* main.m */; };
		15F86AEB199D427000D40033 /* AppDelegate.m in Sources */ = {isa = PBXBuildFile; fileRef = 15F86AEA199D427000D40033 /* AppDelegate.m */; };
		15F86AED199D427000D40033 /* Images.xcassets in Resources */ = {isa = PBXBuildFile; fileRef = 15F86AEC199D427000D40033 /* Images.xcassets */; };
		15F86AF9199D427100D40033 /* DynamicsSampleTests.m in Sources */ = {isa = PBXBuildFile; fileRef = 15F86AF8199D427100D40033 /* DynamicsSampleTests.m */; };
		15F86B03199D429300D40033 /* Storyboard-iPhone.storyboard in Resources */ = {isa = PBXBuildFile; fileRef = 15F86B02199D429300D40033 /* Storyboard-iPhone.storyboard */; };
/* End PBXBuildFile section */

/* Begin PBXContainerItemProxy section */
		15F86AF3199D427100D40033 /* PBXContainerItemProxy */ = {
			isa = PBXContainerItemProxy;
			containerPortal = 15F86ADA199D427000D40033 /* Project object */;
			proxyType = 1;
			remoteGlobalIDString = 15F86AE1199D427000D40033;
			remoteInfo = DynamicsSample;
		};
/* End PBXContainerItemProxy section */

/* Begin PBXFileReference section */
		1526D26E19AA942F00A3D238 /* InstantaneousPushViewController.h */ = {isa = PBXFileReference; fileEncoding = 4; lastKnownFileType = sourcecode.c.h; name = InstantaneousPushViewController.h; path = "View Controllers/InstantaneousPushViewController.h"; sourceTree = "<group>"; };
		1526D26F19AA942F00A3D238 /* InstantaneousPushViewController.m */ = {isa = PBXFileReference; fileEncoding = 4; lastKnownFileType = sourcecode.c.objc; name = InstantaneousPushViewController.m; path = "View Controllers/InstantaneousPushViewController.m"; sourceTree = "<group>"; };
		15E7D388199D439D002BD25C /* GravityViewController.h */ = {isa = PBXFileReference; fileEncoding = 4; lastKnownFileType = sourcecode.c.h; name = GravityViewController.h; path = "View Controllers/GravityViewController.h"; sourceTree = "<group>"; };
		15E7D389199D439D002BD25C /* GravityViewController.m */ = {isa = PBXFileReference; fileEncoding = 4; lastKnownFileType = sourcecode.c.objc; name = GravityViewController.m; path = "View Controllers/GravityViewController.m"; sourceTree = "<group>"; };
		15E7D38B199D4C23002BD25C /* AttachmentViewController.h */ = {isa = PBXFileReference; fileEncoding = 4; lastKnownFileType = sourcecode.c.h; name = AttachmentViewController.h; path = "View Controllers/AttachmentViewController.h"; sourceTree = "<group>"; };
		15E7D38C199D4C23002BD25C /* AttachmentViewController.m */ = {isa = PBXFileReference; fileEncoding = 4; lastKnownFileType = sourcecode.c.objc; name = AttachmentViewController.m; path = "View Controllers/AttachmentViewController.m"; sourceTree = "<group>"; };
		15E7D396199D5F78002BD25C /* ContinuousPushViewController.h */ = {isa = PBXFileReference; fileEncoding = 4; lastKnownFileType = sourcecode.c.h; name = ContinuousPushViewController.h; path = "View Controllers/ContinuousPushViewController.h"; sourceTree = "<group>"; };
		15E7D397199D5F78002BD25C /* ContinuousPushViewController.m */ = {isa = PBXFileReference; fileEncoding = 4; lastKnownFileType = sourcecode.c.objc; name = ContinuousPushViewController.m; path = "View Controllers/ContinuousPushViewController.m"; sourceTree = "<group>"; };
		15E7D39A199D5FA0002BD25C /* SnapViewController.h */ = {isa = PBXFileReference; fileEncoding = 4; lastKnownFileType = sourcecode.c.h; name = SnapViewController.h; path = "View Controllers/SnapViewController.h"; sourceTree = "<group>"; };
		15E7D39B199D5FA0002BD25C /* SnapViewController.m */ = {isa = PBXFileReference; fileEncoding = 4; lastKnownFileType = sourcecode.c.objc; name = SnapViewController.m; path = "View Controllers/SnapViewController.m"; sourceTree = "<group>"; };
		15E7D39D199D9496002BD25C /* CollisionViewController.h */ = {isa = PBXFileReference; fileEncoding = 4; lastKnownFileType = sourcecode.c.h; name = CollisionViewController.h; path = "View Controllers/CollisionViewController.h"; sourceTree = "<group>"; };
		15E7D39E199D9496002BD25C /* CollisionViewController.m */ = {isa = PBXFileReference; fileEncoding = 4; lastKnownFileType = sourcecode.c.objc; name = CollisionViewController.m; path = "View Controllers/CollisionViewController.m"; sourceTree = "<group>"; };
		15F86AE2199D427000D40033 /* DynamicsSample.app */ = {isa = PBXFileReference; explicitFileType = wrapper.application; includeInIndex = 0; path = DynamicsSample.app; sourceTree = BUILT_PRODUCTS_DIR; };
		15F86AE6199D427000D40033 /* Info.plist */ = {isa = PBXFileReference; lastKnownFileType = text.plist.xml; path = Info.plist; sourceTree = "<group>"; };
		15F86AE7199D427000D40033 /* main.m */ = {isa = PBXFileReference; lastKnownFileType = sourcecode.c.objc; path = main.m; sourceTree = "<group>"; };
		15F86AE9199D427000D40033 /* AppDelegate.h */ = {isa = PBXFileReference; lastKnownFileType = sourcecode.c.h; path = AppDelegate.h; sourceTree = "<group>"; };
		15F86AEA199D427000D40033 /* AppDelegate.m */ = {isa = PBXFileReference; lastKnownFileType = sourcecode.c.objc; path = AppDelegate.m; sourceTree = "<group>"; };
		15F86AEC199D427000D40033 /* Images.xcassets */ = {isa = PBXFileReference; lastKnownFileType = folder.assetcatalog; path = Images.xcassets; sourceTree = "<group>"; };
		15F86AF2199D427100D40033 /* DynamicsSampleTests.xctest */ = {isa = PBXFileReference; explicitFileType = wrapper.cfbundle; includeInIndex = 0; path = DynamicsSampleTests.xctest; sourceTree = BUILT_PRODUCTS_DIR; };
		15F86AF7199D427100D40033 /* Info.plist */ = {isa = PBXFileReference; lastKnownFileType = text.plist.xml; path = Info.plist; sourceTree = "<group>"; };
		15F86AF8199D427100D40033 /* DynamicsSampleTests.m */ = {isa = PBXFileReference; lastKnownFileType = sourcecode.c.objc; path = DynamicsSampleTests.m; sourceTree = "<group>"; };
		15F86B02199D429300D40033 /* Storyboard-iPhone.storyboard */ = {isa = PBXFileReference; fileEncoding = 4; lastKnownFileType = file.storyboard; name = "Storyboard-iPhone.storyboard"; path = "../Storyboard-iPhone.storyboard"; sourceTree = "<group>"; };
/* End PBXFileReference section */

/* Begin PBXFrameworksBuildPhase section */
		15F86ADF199D427000D40033 /* Frameworks */ = {
			isa = PBXFrameworksBuildPhase;
			buildActionMask = 2147483647;
			files = (
			);
			runOnlyForDeploymentPostprocessing = 0;
		};
		15F86AEF199D427100D40033 /* Frameworks */ = {
			isa = PBXFrameworksBuildPhase;
			buildActionMask = 2147483647;
			files = (
			);
			runOnlyForDeploymentPostprocessing = 0;
		};
/* End PBXFrameworksBuildPhase section */

/* Begin PBXGroup section */
		15E7D399199D5F89002BD25C /* View Controllers */ = {
			isa = PBXGroup;
			children = (
				15E7D39A199D5FA0002BD25C /* SnapViewController.h */,
				15E7D39B199D5FA0002BD25C /* SnapViewController.m */,
				15E7D388199D439D002BD25C /* GravityViewController.h */,
				15E7D389199D439D002BD25C /* GravityViewController.m */,
				15E7D396199D5F78002BD25C /* ContinuousPushViewController.h */,
				15E7D397199D5F78002BD25C /* ContinuousPushViewController.m */,
				1526D26E19AA942F00A3D238 /* InstantaneousPushViewController.h */,
				1526D26F19AA942F00A3D238 /* InstantaneousPushViewController.m */,
				15E7D38B199D4C23002BD25C /* AttachmentViewController.h */,
				15E7D38C199D4C23002BD25C /* AttachmentViewController.m */,
				15E7D39D199D9496002BD25C /* CollisionViewController.h */,
				15E7D39E199D9496002BD25C /* CollisionViewController.m */,
			);
			name = "View Controllers";
			sourceTree = "<group>";
		};
		15F86AD9199D427000D40033 = {
			isa = PBXGroup;
			children = (
				15F86AE4199D427000D40033 /* DynamicsSample */,
				15F86AF5199D427100D40033 /* DynamicsSampleTests */,
				15F86AE3199D427000D40033 /* Products */,
			);
			sourceTree = "<group>";
		};
		15F86AE3199D427000D40033 /* Products */ = {
			isa = PBXGroup;
			children = (
				15F86AE2199D427000D40033 /* DynamicsSample.app */,
				15F86AF2199D427100D40033 /* DynamicsSampleTests.xctest */,
			);
			name = Products;
			sourceTree = "<group>";
		};
		15F86AE4199D427000D40033 /* DynamicsSample */ = {
			isa = PBXGroup;
			children = (
				15F86AE9199D427000D40033 /* AppDelegate.h */,
				15F86AEA199D427000D40033 /* AppDelegate.m */,
				15F86AEC199D427000D40033 /* Images.xcassets */,
				15F86B02199D429300D40033 /* Storyboard-iPhone.storyboard */,
				15E7D399199D5F89002BD25C /* View Controllers */,
				15F86AE5199D427000D40033 /* Supporting Files */,
			);
			path = DynamicsSample;
			sourceTree = "<group>";
		};
		15F86AE5199D427000D40033 /* Supporting Files */ = {
			isa = PBXGroup;
			children = (
				15F86AE6199D427000D40033 /* Info.plist */,
				15F86AE7199D427000D40033 /* main.m */,
			);
			name = "Supporting Files";
			sourceTree = "<group>";
		};
		15F86AF5199D427100D40033 /* DynamicsSampleTests */ = {
			isa = PBXGroup;
			children = (
				15F86AF8199D427100D40033 /* DynamicsSampleTests.m */,
				15F86AF6199D427100D40033 /* Supporting Files */,
			);
			path = DynamicsSampleTests;
			sourceTree = "<group>";
		};
		15F86AF6199D427100D40033 /* Supporting Files */ = {
			isa = PBXGroup;
			children = (
				15F86AF7199D427100D40033 /* Info.plist */,
			);
			name = "Supporting Files";
			sourceTree = "<group>";
		};
/* End PBXGroup section */

/* Begin PBXNativeTarget section */
		15F86AE1199D427000D40033 /* DynamicsSample */ = {
			isa = PBXNativeTarget;
			buildConfigurationList = 15F86AFC199D427100D40033 /* Build configuration list for PBXNativeTarget "DynamicsSample" */;
			buildPhases = (
				15F86ADE199D427000D40033 /* Sources */,
				15F86ADF199D427000D40033 /* Frameworks */,
				15F86AE0199D427000D40033 /* Resources */,
			);
			buildRules = (
			);
			dependencies = (
			);
			name = DynamicsSample;
			productName = DynamicsSample;
			productReference = 15F86AE2199D427000D40033 /* DynamicsSample.app */;
			productType = "com.apple.product-type.application";
		};
		15F86AF1199D427100D40033 /* DynamicsSampleTests */ = {
			isa = PBXNativeTarget;
			buildConfigurationList = 15F86AFF199D427100D40033 /* Build configuration list for PBXNativeTarget "DynamicsSampleTests" */;
			buildPhases = (
				15F86AEE199D427100D40033 /* Sources */,
				15F86AEF199D427100D40033 /* Frameworks */,
				15F86AF0199D427100D40033 /* Resources */,
			);
			buildRules = (
			);
			dependencies = (
				15F86AF4199D427100D40033 /* PBXTargetDependency */,
			);
			name = DynamicsSampleTests;
			productName = DynamicsSampleTests;
			productReference = 15F86AF2199D427100D40033 /* DynamicsSampleTests.xctest */;
			productType = "com.apple.product-type.bundle.unit-test";
		};
/* End PBXNativeTarget section */

/* Begin PBXProject section */
		15F86ADA199D427000D40033 /* Project object */ = {
			isa = PBXProject;
			attributes = {
				LastUpgradeCheck = 0600;
				ORGANIZATIONNAME = "Logical Zen, LLC";
				TargetAttributes = {
					15F86AE1199D427000D40033 = {
						CreatedOnToolsVersion = 6.0;
					};
					15F86AF1199D427100D40033 = {
						CreatedOnToolsVersion = 6.0;
						TestTargetID = 15F86AE1199D427000D40033;
					};
				};
			};
			buildConfigurationList = 15F86ADD199D427000D40033 /* Build configuration list for PBXProject "DynamicsSample" */;
			compatibilityVersion = "Xcode 3.2";
			developmentRegion = English;
			hasScannedForEncodings = 0;
			knownRegions = (
				en,
			);
			mainGroup = 15F86AD9199D427000D40033;
			productRefGroup = 15F86AE3199D427000D40033 /* Products */;
			projectDirPath = "";
			projectRoot = "";
			targets = (
				15F86AE1199D427000D40033 /* DynamicsSample */,
				15F86AF1199D427100D40033 /* DynamicsSampleTests */,
			);
		};
/* End PBXProject section */

/* Begin PBXResourcesBuildPhase section */
		15F86AE0199D427000D40033 /* Resources */ = {
			isa = PBXResourcesBuildPhase;
			buildActionMask = 2147483647;
			files = (
				15F86B03199D429300D40033 /* Storyboard-iPhone.storyboard in Resources */,
				15F86AED199D427000D40033 /* Images.xcassets in Resources */,
			);
			runOnlyForDeploymentPostprocessing = 0;
		};
		15F86AF0199D427100D40033 /* Resources */ = {
			isa = PBXResourcesBuildPhase;
			buildActionMask = 2147483647;
			files = (
			);
			runOnlyForDeploymentPostprocessing = 0;
		};
/* End PBXResourcesBuildPhase section */

/* Begin PBXSourcesBuildPhase section */
		15F86ADE199D427000D40033 /* Sources */ = {
			isa = PBXSourcesBuildPhase;
			buildActionMask = 2147483647;
			files = (
				15F86AEB199D427000D40033 /* AppDelegate.m in Sources */,
				15E7D398199D5F78002BD25C /* ContinuousPushViewController.m in Sources */,
				15E7D38D199D4C23002BD25C /* AttachmentViewController.m in Sources */,
				15F86AE8199D427000D40033 /* main.m in Sources */,
				15E7D39C199D5FA0002BD25C /* SnapViewController.m in Sources */,
				1526D27019AA942F00A3D238 /* InstantaneousPushViewController.m in Sources */,
				15E7D39F199D9496002BD25C /* CollisionViewController.m in Sources */,
				15E7D38A199D439D002BD25C /* GravityViewController.m in Sources */,
			);
			runOnlyForDeploymentPostprocessing = 0;
		};
		15F86AEE199D427100D40033 /* Sources */ = {
			isa = PBXSourcesBuildPhase;
			buildActionMask = 2147483647;
			files = (
				15F86AF9199D427100D40033 /* DynamicsSampleTests.m in Sources */,
			);
			runOnlyForDeploymentPostprocessing = 0;
		};
/* End PBXSourcesBuildPhase section */

/* Begin PBXTargetDependency section */
		15F86AF4199D427100D40033 /* PBXTargetDependency */ = {
			isa = PBXTargetDependency;
			target = 15F86AE1199D427000D40033 /* DynamicsSample */;
			targetProxy = 15F86AF3199D427100D40033 /* PBXContainerItemProxy */;
		};
/* End PBXTargetDependency section */

/* Begin XCBuildConfiguration section */
		15F86AFA199D427100D40033 /* Debug */ = {
			isa = XCBuildConfiguration;
			buildSettings = {
				ALWAYS_SEARCH_USER_PATHS = NO;
				CLANG_CXX_LANGUAGE_STANDARD = "gnu++0x";
				CLANG_CXX_LIBRARY = "libc++";
				CLANG_ENABLE_MODULES = YES;
				CLANG_ENABLE_OBJC_ARC = YES;
				CLANG_WARN_BOOL_CONVERSION = YES;
				CLANG_WARN_CONSTANT_CONVERSION = YES;
				CLANG_WARN_DIRECT_OBJC_ISA_USAGE = YES_ERROR;
				CLANG_WARN_EMPTY_BODY = YES;
				CLANG_WARN_ENUM_CONVERSION = YES;
				CLANG_WARN_INT_CONVERSION = YES;
				CLANG_WARN_OBJC_ROOT_CLASS = YES_ERROR;
				CLANG_WARN_UNREACHABLE_CODE = YES;
				CLANG_WARN__DUPLICATE_METHOD_MATCH = YES;
				"CODE_SIGN_IDENTITY[sdk=iphoneos*]" = "iPhone Developer";
				COPY_PHASE_STRIP = NO;
				ENABLE_STRICT_OBJC_MSGSEND = YES;
				GCC_C_LANGUAGE_STANDARD = gnu99;
				GCC_DYNAMIC_NO_PIC = NO;
				GCC_OPTIMIZATION_LEVEL = 0;
				GCC_PREPROCESSOR_DEFINITIONS = (
					"DEBUG=1",
					"$(inherited)",
				);
				GCC_SYMBOLS_PRIVATE_EXTERN = NO;
				GCC_WARN_64_TO_32_BIT_CONVERSION = YES;
				GCC_WARN_ABOUT_RETURN_TYPE = YES_ERROR;
				GCC_WARN_UNDECLARED_SELECTOR = YES;
				GCC_WARN_UNINITIALIZED_AUTOS = YES_AGGRESSIVE;
				GCC_WARN_UNUSED_FUNCTION = YES;
				GCC_WARN_UNUSED_VARIABLE = YES;
				IPHONEOS_DEPLOYMENT_TARGET = 8.0;
				METAL_ENABLE_DEBUG_INFO = YES;
				ONLY_ACTIVE_ARCH = YES;
				SDKROOT = iphoneos;
				TARGETED_DEVICE_FAMILY = "1,2";
			};
			name = Debug;
		};
		15F86AFB199D427100D40033 /* Release */ = {
			isa = XCBuildConfiguration;
			buildSettings = {
				ALWAYS_SEARCH_USER_PATHS = NO;
				CLANG_CXX_LANGUAGE_STANDARD = "gnu++0x";
				CLANG_CXX_LIBRARY = "libc++";
				CLANG_ENABLE_MODULES = YES;
				CLANG_ENABLE_OBJC_ARC = YES;
				CLANG_WARN_BOOL_CONVERSION = YES;
				CLANG_WARN_CONSTANT_CONVERSION = YES;
				CLANG_WARN_DIRECT_OBJC_ISA_USAGE = YES_ERROR;
				CLANG_WARN_EMPTY_BODY = YES;
				CLANG_WARN_ENUM_CONVERSION = YES;
				CLANG_WARN_INT_CONVERSION = YES;
				CLANG_WARN_OBJC_ROOT_CLASS = YES_ERROR;
				CLANG_WARN_UNREACHABLE_CODE = YES;
				CLANG_WARN__DUPLICATE_METHOD_MATCH = YES;
				"CODE_SIGN_IDENTITY[sdk=iphoneos*]" = "iPhone Developer";
				COPY_PHASE_STRIP = YES;
				ENABLE_NS_ASSERTIONS = NO;
				ENABLE_STRICT_OBJC_MSGSEND = YES;
				GCC_C_LANGUAGE_STANDARD = gnu99;
				GCC_WARN_64_TO_32_BIT_CONVERSION = YES;
				GCC_WARN_ABOUT_RETURN_TYPE = YES_ERROR;
				GCC_WARN_UNDECLARED_SELECTOR = YES;
				GCC_WARN_UNINITIALIZED_AUTOS = YES_AGGRESSIVE;
				GCC_WARN_UNUSED_FUNCTION = YES;
				GCC_WARN_UNUSED_VARIABLE = YES;
				IPHONEOS_DEPLOYMENT_TARGET = 8.0;
				METAL_ENABLE_DEBUG_INFO = NO;
				SDKROOT = iphoneos;
				TARGETED_DEVICE_FAMILY = "1,2";
				VALIDATE_PRODUCT = YES;
			};
			name = Release;
		};
		15F86AFD199D427100D40033 /* Debug */ = {
			isa = XCBuildConfiguration;
			buildSettings = {
				ASSETCATALOG_COMPILER_APPICON_NAME = AppIcon;
				ASSETCATALOG_COMPILER_LAUNCHIMAGE_NAME = LaunchImage;
				INFOPLIST_FILE = DynamicsSample/Info.plist;
				IPHONEOS_DEPLOYMENT_TARGET = 7.1;
				LD_RUNPATH_SEARCH_PATHS = "$(inherited) @executable_path/Frameworks";
				PRODUCT_NAME = "$(TARGET_NAME)";
			};
			name = Debug;
		};
		15F86AFE199D427100D40033 /* Release */ = {
			isa = XCBuildConfiguration;
			buildSettings = {
				ASSETCATALOG_COMPILER_APPICON_NAME = AppIcon;
				ASSETCATALOG_COMPILER_LAUNCHIMAGE_NAME = LaunchImage;
				INFOPLIST_FILE = DynamicsSample/Info.plist;
				IPHONEOS_DEPLOYMENT_TARGET = 7.1;
				LD_RUNPATH_SEARCH_PATHS = "$(inherited) @executable_path/Frameworks";
				PRODUCT_NAME = "$(TARGET_NAME)";
			};
			name = Release;
		};
		15F86B00199D427100D40033 /* Debug */ = {
			isa = XCBuildConfiguration;
			buildSettings = {
				BUNDLE_LOADER = "$(BUILT_PRODUCTS_DIR)/DynamicsSample.app/DynamicsSample";
				FRAMEWORK_SEARCH_PATHS = (
					"$(SDKROOT)/Developer/Library/Frameworks",
					"$(inherited)",
				);
				GCC_PREPROCESSOR_DEFINITIONS = (
					"DEBUG=1",
					"$(inherited)",
				);
				INFOPLIST_FILE = DynamicsSampleTests/Info.plist;
				LD_RUNPATH_SEARCH_PATHS = "$(inherited) @executable_path/Frameworks @loader_path/Frameworks";
				METAL_ENABLE_DEBUG_INFO = YES;
				PRODUCT_NAME = "$(TARGET_NAME)";
				TEST_HOST = "$(BUNDLE_LOADER)";
			};
			name = Debug;
		};
		15F86B01199D427100D40033 /* Release */ = {
			isa = XCBuildConfiguration;
			buildSettings = {
				BUNDLE_LOADER = "$(BUILT_PRODUCTS_DIR)/DynamicsSample.app/DynamicsSample";
				FRAMEWORK_SEARCH_PATHS = (
					"$(SDKROOT)/Developer/Library/Frameworks",
					"$(inherited)",
				);
				INFOPLIST_FILE = DynamicsSampleTests/Info.plist;
				LD_RUNPATH_SEARCH_PATHS = "$(inherited) @executable_path/Frameworks @loader_path/Frameworks";
				METAL_ENABLE_DEBUG_INFO = NO;
				PRODUCT_NAME = "$(TARGET_NAME)";
				TEST_HOST = "$(BUNDLE_LOADER)";
			};
			name = Release;
		};
/* End XCBuildConfiguration section */

/* Begin XCConfigurationList section */
		15F86ADD199D427000D40033 /* Build configuration list for PBXProject "DynamicsSample" */ = {
			isa = XCConfigurationList;
			buildConfigurations = (
				15F86AFA199D427100D40033 /* Debug */,
				15F86AFB199D427100D40033 /* Release */,
			);
			defaultConfigurationIsVisible = 0;
			defaultConfigurationName = Release;
		};
		15F86AFC199D427100D40033 /* Build configuration list for PBXNativeTarget "DynamicsSample" */ = {
			isa = XCConfigurationList;
			buildConfigurations = (
				15F86AFD199D427100D40033 /* Debug */,
				15F86AFE199D427100D40033 /* Release */,
			);
			defaultConfigurationIsVisible = 0;
			defaultConfigurationName = Release;
		};
		15F86AFF199D427100D40033 /* Build configuration list for PBXNativeTarget "DynamicsSampleTests" */ = {
			isa = XCConfigurationList;
			buildConfigurations = (
				15F86B00199D427100D40033 /* Debug */,
				15F86B01199D427100D40033 /* Release */,
			);
			defaultConfigurationIsVisible = 0;
			defaultConfigurationName = Release;
		};
/* End XCConfigurationList section */
	};
	rootObject = 15F86ADA199D427000D40033 /* Project object */;
}
